{
	"name": "fnIngress",
	"lockfileVersion": 3,
	"requires": true,
	"packages": {
		"": {
			"dependencies": {
				"ar-gql": "^3.1.0",
				"file-type": "^21.0.0",
				"moize": "^6.1.6",
				"pg": "^8.13.0",
				"shepherd-plugin-interfaces": "^2.0.0"
			}
		},
		"node_modules/@kayahr/text-encoding": {
			"version": "2.0.1",
			"resolved": "https://registry.npmjs.org/@kayahr/text-encoding/-/text-encoding-2.0.1.tgz",
			"integrity": "sha512-OUsJJVn85VrfNiiT6CSbHK2Jr9YS6tVsgQhly+EkcbYTT2SXeibU4nQNO2IzCRttKJt4zw4W60KtLifRRJBIng==",
			"license": "MIT",
			"funding": {
				"url": "https://github.com/kayahr/text-encoding?sponsor=1"
			}
		},
		"node_modules/@tokenizer/inflate": {
			"version": "0.2.7",
			"resolved": "https://registry.npmjs.org/@tokenizer/inflate/-/inflate-0.2.7.tgz",
			"integrity": "sha512-MADQgmZT1eKjp06jpI2yozxaU9uVs4GzzgSL+uEq7bVcJ9V1ZXQkeGNql1fsSI0gMy1vhvNTNbUqrx+pZfJVmg==",
			"license": "MIT",
			"dependencies": {
				"debug": "^4.4.0",
				"fflate": "^0.8.2",
				"token-types": "^6.0.0"
			},
			"engines": {
				"node": ">=18"
			},
			"funding": {
				"type": "github",
				"url": "https://github.com/sponsors/Borewit"
			}
		},
		"node_modules/@tokenizer/token": {
			"version": "0.3.0",
			"resolved": "https://registry.npmjs.org/@tokenizer/token/-/token-0.3.0.tgz",
			"integrity": "sha512-OvjF+z51L3ov0OyAU0duzsYuvO01PH7x4t6DJx+guahgTnBHkhJdG7soQeTSFLWN3efnHyibZ4Z8l2EuWwJN3A==",
			"license": "MIT"
		},
		"node_modules/ar-gql": {
			"version": "3.1.0",
			"resolved": "https://registry.npmjs.org/ar-gql/-/ar-gql-3.1.0.tgz",
			"integrity": "sha512-Kyglgh0NUIyZqKfcyI+TQNGnJx40xuk6ljp6P6IpFLGI+2VLscrXCKqAOuz7JjJg5cdc2aiHVG973Nv28CQm+Q==",
			"license": "MIT",
			"engines": {
				"node": ">=18.0.0"
			}
		},
		"node_modules/debug": {
			"version": "4.4.1",
			"resolved": "https://registry.npmjs.org/debug/-/debug-4.4.1.tgz",
			"integrity": "sha512-KcKCqiftBJcZr++7ykoDIEwSa3XWowTfNPo92BYxjXiyYEVrUQh2aLyhxBCwww+heortUFxEJYcRzosstTEBYQ==",
			"license": "MIT",
			"dependencies": {
				"ms": "^2.1.3"
			},
			"engines": {
				"node": ">=6.0"
			},
			"peerDependenciesMeta": {
				"supports-color": {
					"optional": true
				}
			}
		},
		"node_modules/fast-equals": {
			"version": "3.0.3",
			"resolved": "https://registry.npmjs.org/fast-equals/-/fast-equals-3.0.3.tgz",
			"integrity": "sha512-NCe8qxnZFARSHGztGMZOO/PC1qa5MIFB5Hp66WdzbCRAz8U8US3bx1UTgLS49efBQPcUtO9gf5oVEY8o7y/7Kg==",
			"license": "MIT"
		},
		"node_modules/fflate": {
			"version": "0.8.2",
			"resolved": "https://registry.npmjs.org/fflate/-/fflate-0.8.2.tgz",
			"integrity": "sha512-cPJU47OaAoCbg0pBvzsgpTPhmhqI5eJjh/JIu8tPj5q+T7iLvW/JAYUqmE7KOB4R1ZyEhzBaIQpQpardBF5z8A==",
			"license": "MIT"
		},
		"node_modules/file-type": {
			"version": "21.0.0",
			"resolved": "https://registry.npmjs.org/file-type/-/file-type-21.0.0.tgz",
			"integrity": "sha512-ek5xNX2YBYlXhiUXui3D/BXa3LdqPmoLJ7rqEx2bKJ7EAUEfmXgW0Das7Dc6Nr9MvqaOnIqiPV0mZk/r/UpNAg==",
			"license": "MIT",
			"dependencies": {
				"@tokenizer/inflate": "^0.2.7",
				"strtok3": "^10.2.2",
				"token-types": "^6.0.0",
				"uint8array-extras": "^1.4.0"
			},
			"engines": {
				"node": ">=20"
			},
			"funding": {
				"url": "https://github.com/sindresorhus/file-type?sponsor=1"
			}
		},
		"node_modules/ieee754": {
			"version": "1.2.1",
			"resolved": "https://registry.npmjs.org/ieee754/-/ieee754-1.2.1.tgz",
			"integrity": "sha512-dcyqhDvX1C46lXZcVqCpK+FtMRQVdIMN6/Df5js2zouUsqG7I6sFxitIC+7KYK29KdXOLHdu9zL4sFnoVQnqaA==",
			"funding": [
				{
					"type": "github",
					"url": "https://github.com/sponsors/feross"
				},
				{
					"type": "patreon",
					"url": "https://www.patreon.com/feross"
				},
				{
					"type": "consulting",
					"url": "https://feross.org/support"
				}
			],
			"license": "BSD-3-Clause"
		},
		"node_modules/micro-memoize": {
			"version": "4.1.3",
			"resolved": "https://registry.npmjs.org/micro-memoize/-/micro-memoize-4.1.3.tgz",
			"integrity": "sha512-DzRMi8smUZXT7rCGikRwldEh6eO6qzKiPPopcr1+2EY3AYKpy5fu159PKWwIS9A6IWnrvPKDMcuFtyrroZa8Bw==",
			"license": "MIT"
		},
		"node_modules/moize": {
			"version": "6.1.6",
			"resolved": "https://registry.npmjs.org/moize/-/moize-6.1.6.tgz",
			"integrity": "sha512-vSKdIUO61iCmTqhdoIDrqyrtp87nWZUmBPniNjO0fX49wEYmyDO4lvlnFXiGcaH1JLE/s/9HbiK4LSHsbiUY6Q==",
			"license": "MIT",
			"dependencies": {
				"fast-equals": "^3.0.1",
				"micro-memoize": "^4.1.2"
			}
		},
		"node_modules/ms": {
			"version": "2.1.3",
			"resolved": "https://registry.npmjs.org/ms/-/ms-2.1.3.tgz",
			"integrity": "sha512-6FlzubTLZG3J2a/NVCAleEhjzq5oxgHyaCU9yYXvcLsvoVaHJq/s5xXI6/XXP6tz7R9xAOtHnSO/tXtF3WRTlA==",
			"license": "MIT"
		},
		"node_modules/pg": {
			"version": "8.13.3",
			"resolved": "https://registry.npmjs.org/pg/-/pg-8.13.3.tgz",
			"integrity": "sha512-P6tPt9jXbL9HVu/SSRERNYaYG++MjnscnegFh9pPHihfoBSujsrka0hyuymMzeJKFWrcG8wvCKy8rCe8e5nDUQ==",
			"license": "MIT",
			"dependencies": {
				"pg-connection-string": "^2.7.0",
				"pg-pool": "^3.7.1",
				"pg-protocol": "^1.7.1",
				"pg-types": "^2.1.0",
				"pgpass": "1.x"
			},
			"engines": {
				"node": ">= 8.0.0"
			},
			"optionalDependencies": {
				"pg-cloudflare": "^1.1.1"
			},
			"peerDependencies": {
				"pg-native": ">=3.0.1"
			},
			"peerDependenciesMeta": {
				"pg-native": {
					"optional": true
				}
			}
		},
		"node_modules/pg-cloudflare": {
			"version": "1.1.1",
			"resolved": "https://registry.npmjs.org/pg-cloudflare/-/pg-cloudflare-1.1.1.tgz",
			"integrity": "sha512-xWPagP/4B6BgFO+EKz3JONXv3YDgvkbVrGw2mTo3D6tVDQRh1e7cqVGvyR3BE+eQgAvx1XhW/iEASj4/jCWl3Q==",
			"license": "MIT",
			"optional": true
		},
		"node_modules/pg-int8": {
			"version": "1.0.1",
			"resolved": "https://registry.npmjs.org/pg-int8/-/pg-int8-1.0.1.tgz",
			"integrity": "sha512-WCtabS6t3c8SkpDBUlb1kjOs7l66xsGdKpIPZsg4wR+B3+u9UAum2odSsF9tnvxg80h4ZxLWMy4pRjOsFIqQpw==",
			"license": "ISC",
			"engines": {
				"node": ">=4.0.0"
			}
		},
		"node_modules/pg-pool": {
			"version": "3.7.1",
			"resolved": "https://registry.npmjs.org/pg-pool/-/pg-pool-3.7.1.tgz",
			"integrity": "sha512-xIOsFoh7Vdhojas6q3596mXFsR8nwBQBXX5JiV7p9buEVAGqYL4yFzclON5P9vFrpu1u7Zwl2oriyDa89n0wbw==",
			"license": "MIT",
			"peerDependencies": {
				"pg": ">=8.0"
			}
		},
		"node_modules/pg-protocol": {
			"version": "1.7.1",
			"resolved": "https://registry.npmjs.org/pg-protocol/-/pg-protocol-1.7.1.tgz",
			"integrity": "sha512-gjTHWGYWsEgy9MsY0Gp6ZJxV24IjDqdpTW7Eh0x+WfJLFsm/TJx1MzL6T0D88mBvkpxotCQ6TwW6N+Kko7lhgQ==",
			"license": "MIT"
		},
		"node_modules/pg-types": {
			"version": "2.2.0",
			"resolved": "https://registry.npmjs.org/pg-types/-/pg-types-2.2.0.tgz",
			"integrity": "sha512-qTAAlrEsl8s4OiEQY69wDvcMIdQN6wdz5ojQiOy6YRMuynxenON0O5oCpJI6lshc6scgAY8qvJ2On/p+CXY0GA==",
			"license": "MIT",
			"dependencies": {
				"pg-int8": "1.0.1",
				"postgres-array": "~2.0.0",
				"postgres-bytea": "~1.0.0",
				"postgres-date": "~1.0.4",
				"postgres-interval": "^1.1.0"
			},
			"engines": {
				"node": ">=4"
			}
		},
		"node_modules/pg/node_modules/pg-connection-string": {
			"version": "2.7.0",
			"resolved": "https://registry.npmjs.org/pg-connection-string/-/pg-connection-string-2.7.0.tgz",
			"integrity": "sha512-PI2W9mv53rXJQEOb8xNR8lH7Hr+EKa6oJa38zsK0S/ky2er16ios1wLKhZyxzD7jUReiWokc9WK5nxSnC7W1TA==",
			"license": "MIT"
		},
		"node_modules/pgpass": {
			"version": "1.0.5",
			"resolved": "https://registry.npmjs.org/pgpass/-/pgpass-1.0.5.tgz",
			"integrity": "sha512-FdW9r/jQZhSeohs1Z3sI1yxFQNFvMcnmfuj4WBMUTxOrAyLMaTcE1aAMBiTlbMNaXvBCQuVi0R7hd8udDSP7ug==",
			"license": "MIT",
			"dependencies": {
				"split2": "^4.1.0"
			}
		},
		"node_modules/postgres-array": {
			"version": "2.0.0",
			"resolved": "https://registry.npmjs.org/postgres-array/-/postgres-array-2.0.0.tgz",
			"integrity": "sha512-VpZrUqU5A69eQyW2c5CA1jtLecCsN2U/bD6VilrFDWq5+5UIEVO7nazS3TEcHf1zuPYO/sqGvUvW62g86RXZuA==",
			"license": "MIT",
			"engines": {
				"node": ">=4"
			}
		},
		"node_modules/postgres-bytea": {
			"version": "1.0.0",
			"resolved": "https://registry.npmjs.org/postgres-bytea/-/postgres-bytea-1.0.0.tgz",
			"integrity": "sha512-xy3pmLuQqRBZBXDULy7KbaitYqLcmxigw14Q5sj8QBVLqEwXfeybIKVWiqAXTlcvdvb0+xkOtDbfQMOf4lST1w==",
			"license": "MIT",
			"engines": {
				"node": ">=0.10.0"
			}
		},
		"node_modules/postgres-date": {
			"version": "1.0.7",
			"resolved": "https://registry.npmjs.org/postgres-date/-/postgres-date-1.0.7.tgz",
			"integrity": "sha512-suDmjLVQg78nMK2UZ454hAG+OAW+HQPZ6n++TNDUX+L0+uUlLywnoxJKDou51Zm+zTCjrCl0Nq6J9C5hP9vK/Q==",
			"license": "MIT",
			"engines": {
				"node": ">=0.10.0"
			}
		},
		"node_modules/postgres-interval": {
			"version": "1.2.0",
			"resolved": "https://registry.npmjs.org/postgres-interval/-/postgres-interval-1.2.0.tgz",
			"integrity": "sha512-9ZhXKM/rw350N1ovuWHbGxnGh/SNJ4cnxHiM0rxE4VN41wsg8P8zWn9hv/buK00RP4WvlOyr/RBDiptyxVbkZQ==",
			"license": "MIT",
			"dependencies": {
				"xtend": "^4.0.0"
			},
			"engines": {
				"node": ">=0.10.0"
			}
		},
		"node_modules/shepherd-plugin-interfaces": {
			"version": "2.0.0",
			"resolved": "https://registry.npmjs.org/shepherd-plugin-interfaces/-/shepherd-plugin-interfaces-2.0.0.tgz",
			"integrity": "sha512-ES46pEX/aoJYVm1r1ecXOokVFd++7qERfzQFn5kbaxQ3c32zz9UMbdWlfwFDqAPKqjkoRwUFJ0Nke7ZEpapERg==",
			"license": "GPL-3.0"
		},
		"node_modules/split2": {
			"version": "4.2.0",
			"resolved": "https://registry.npmjs.org/split2/-/split2-4.2.0.tgz",
			"integrity": "sha512-UcjcJOWknrNkF6PLX83qcHM6KHgVKNkV62Y8a5uYDVv9ydGQVwAHMKqHdJje1VTWpljG0WYpCDhrCdAOYH4TWg==",
			"license": "ISC",
			"engines": {
				"node": ">= 10.x"
			}
		},
		"node_modules/strtok3": {
			"version": "10.3.4",
			"resolved": "https://registry.npmjs.org/strtok3/-/strtok3-10.3.4.tgz",
			"integrity": "sha512-KIy5nylvC5le1OdaaoCJ07L+8iQzJHGH6pWDuzS+d07Cu7n1MZ2x26P8ZKIWfbK02+XIL8Mp4RkWeqdUCrDMfg==",
			"license": "MIT",
			"dependencies": {
				"@tokenizer/token": "^0.3.0"
			},
			"engines": {
				"node": ">=18"
			},
			"funding": {
				"type": "github",
				"url": "https://github.com/sponsors/Borewit"
			}
		},
		"node_modules/token-types": {
			"version": "6.1.0",
			"resolved": "https://registry.npmjs.org/token-types/-/token-types-6.1.0.tgz",
			"integrity": "sha512-IwovPojr3nD6KBpwSdWq7zL4D9xDLMSqZm/mFweaFFXiS7mtD1qea2WKcth6lyErwZZjsavZk4AnwPJzT9/wVA==",
			"license": "MIT",
			"dependencies": {
				"@kayahr/text-encoding": "^2.0.1",
				"@tokenizer/token": "^0.3.0",
				"ieee754": "^1.2.1"
			},
			"engines": {
				"node": ">=14.16"
			},
			"funding": {
				"type": "github",
				"url": "https://github.com/sponsors/Borewit"
			}
		},
		"node_modules/uint8array-extras": {
			"version": "1.4.1",
			"resolved": "https://registry.npmjs.org/uint8array-extras/-/uint8array-extras-1.4.1.tgz",
			"integrity": "sha512-+NWHrac9dvilNgme+gP4YrBSumsaMZP0fNBtXXFIf33RLLKEcBUKaQZ7ULUbS0sBfcjxIZ4V96OTRkCbM7hxpw==",
			"license": "MIT",
			"engines": {
				"node": ">=18"
			},
			"funding": {
				"url": "https://github.com/sponsors/sindresorhus"
			}
		},
		"node_modules/xtend": {
			"version": "4.0.2",
			"resolved": "https://registry.npmjs.org/xtend/-/xtend-4.0.2.tgz",
			"integrity": "sha512-LKYU1iAXJXUgAXn9URjiu+MWhyUXHsvfp7mcuYm9dSUKK0/CjtrUwFAxD82/mCWbtLsGjFIad0wIsod4zrTAEQ==",
			"license": "MIT",
			"engines": {
				"node": ">=0.4"
			}
		}
	}
}
